{
  "version": 4,
  "terraform_version": "1.4.5",
  "serial": 1,
  "lineage": "daa77a42-123a-cb2a-2562-a234e6461b8f",
  "outputs": {},
  "resources": [
    {
      "mode": "data",
      "type": "azurerm_resource_group",
      "name": "rg_dojo",
      "provider": "provider[\"registry.terraform.io/hashicorp/azurerm\"]",
      "instances": [
        {
          "schema_version": 0,
          "attributes": {
            "id": "/subscriptions/8ac3928d-ce93-403b-b8ff-9511282367af/resourceGroups/rg-dojo-cicd",
            "location": "westeurope",
            "name": "rg-dojo-cicd",
            "tags": {
              "createdAt": "2023-05-16T12:51:29.9675042Z",
              "owner": "ante",
              "product": "dojo-cicd",
              "purpose": "dojo"
            },
            "timeouts": null
          },
          "sensitive_attributes": []
        }
      ]
    },
    {
      "mode": "managed",
      "type": "azurerm_resource_group",
      "name": "rg_ante",
      "provider": "provider[\"registry.terraform.io/hashicorp/azurerm\"]",
      "instances": [
        {
          "schema_version": 0,
          "attributes": {
            "id": "/subscriptions/8ac3928d-ce93-403b-b8ff-9511282367af/resourceGroups/rg_ante",
            "location": "westeurope",
            "name": "rg_ante",
            "tags": {
              "Application": "dojo-cicd",
              "CreatedBy": "ante",
              "Deployment": "terraform",
              "createdAt": "2023-05-26T09:34:06Z"
            },
            "timeouts": null
          },
          "sensitive_attributes": [],
          "private": "eyJlMmJmYjczMC1lY2FhLTExZTYtOGY4OC0zNDM2M2JjN2M0YzAiOnsiY3JlYXRlIjo1NDAwMDAwMDAwMDAwLCJkZWxldGUiOjU0MDAwMDAwMDAwMDAsInJlYWQiOjMwMDAwMDAwMDAwMCwidXBkYXRlIjo1NDAwMDAwMDAwMDAwfX0="
        }
      ]
    }
  ],
  "check_results": null
}
